PODS:
  - RxCocoa (4.5.0):
    - RxSwift (>= 4.4.2, ~> 4.4)
  - RxDefaultsRelay (1.0.2):
    - RxCocoa (~> 4.0)
    - RxSwift (~> 4.0)
  - RxSwift (4.5.0)

DEPENDENCIES:
  - RxDefaultsRelay (from `../`)

SPEC REPOS:
  https://github.com/cocoapods/specs.git:
    - RxCocoa
    - RxSwift

EXTERNAL SOURCES:
  RxDefaultsRelay:
    :path: "../"

SPEC CHECKSUMS:
  RxCocoa: cbf70265dc65a981d4ac982e513c10cf23df24a0
  RxDefaultsRelay: 1989e8d285dbca7f73001f813bcddbc47c76610b
  RxSwift: f172070dfd1a93d70a9ab97a5a01166206e1c575

PODFILE CHECKSUM: 1e057024878e01561a137d3a4e0022d142f60e70

COCOAPODS: 1.6.1
